
Microsoft Visual Studio Solution File, Format Version 12.00
# Visual Studio Version 16
VisualStudioVersion = 16.0.30011.22
MinimumVisualStudioVersion = 10.0.40219.1
Project("{FAE04EC0-301F-11D3-BF4B-00C04F79EFBC}") = "EFcoreP1", "EFcoreP1.csproj", "{CF214874-24AA-4DC3-B93D-FB62E457E853}"
EndProject
Global
	GlobalSection(SolutionConfigurationPlatforms) = preSolution
		Debug|Any CPU = Debug|Any CPU
		Release|Any CPU = Release|Any CPU
	EndGlobalSection
	GlobalSection(ProjectConfigurationPlatforms) = postSolution
		{CF214874-24AA-4DC3-B93D-FB62E457E853}.Debug|Any CPU.ActiveCfg = Debug|Any CPU
		{CF214874-24AA-4DC3-B93D-FB62E457E853}.Debug|Any CPU.Build.0 = Debug|Any CPU
		{CF214874-24AA-4DC3-B93D-FB62E457E853}.Release|Any CPU.ActiveCfg = Release|Any CPU
		{CF214874-24AA-4DC3-B93D-FB62E457E853}.Release|Any CPU.Build.0 = Release|Any CPU
	EndGlobalSection
	GlobalSection(SolutionProperties) = preSolution
		HideSolutionNode = FALSE
	EndGlobalSection
	GlobalSection(ExtensibilityGlobals) = postSolution
		SolutionGuid = {74852190-A8D9-4640-8101-1DB0E430C69A}
	EndGlobalSection
EndGlobal
